// !$*UTF8*$!
{
	archiveVersion = 1;
	classes = {
	};
	objectVersion = 42;
	objects = {

/* Begin PBXBuildFile section */
		E21358340E7AE87E00943FEA /* Point2D.cpp in Sources */ = {isa = PBXBuildFile; fileRef = E21358320E7AE87E00943FEA /* Point2D.cpp */; };
		E23A65050E87F2170041864C /* Phong.cpp in Sources */ = {isa = PBXBuildFile; fileRef = E23A65040E87F2170041864C /* Phong.cpp */; };
		E25555A30E9D8B2400EF6FC1 /* Triangle.cpp in Sources */ = {isa = PBXBuildFile; fileRef = E25555A20E9D8B2400EF6FC1 /* Triangle.cpp */; };
		E257E6620E8F405200C01712 /* EnvironmentLight.cpp in Sources */ = {isa = PBXBuildFile; fileRef = E257E6610E8F405200C01712 /* EnvironmentLight.cpp */; };
		E257E7190E8F537100C01712 /* ConcaveSphere.cpp in Sources */ = {isa = PBXBuildFile; fileRef = E257E7180E8F537100C01712 /* ConcaveSphere.cpp */; };
		E26B4E9A0E8D56F7009FC7B8 /* AmbientOccluder.cpp in Sources */ = {isa = PBXBuildFile; fileRef = E26B4E990E8D56F7009FC7B8 /* AmbientOccluder.cpp */; };
		E26B4F660E8DBA29009FC7B8 /* AreaLighting.cpp in Sources */ = {isa = PBXBuildFile; fileRef = E26B4F650E8DBA29009FC7B8 /* AreaLighting.cpp */; };
		E26B4F900E8DFCF9009FC7B8 /* Emissive.cpp in Sources */ = {isa = PBXBuildFile; fileRef = E26B4F8F0E8DFCF9009FC7B8 /* Emissive.cpp */; };
		E26B50330E8EBEDB009FC7B8 /* Rectangle.cpp in Sources */ = {isa = PBXBuildFile; fileRef = E26B50320E8EBEDB009FC7B8 /* Rectangle.cpp */; };
		E26B50550E8EC0A6009FC7B8 /* AreaLight.cpp in Sources */ = {isa = PBXBuildFile; fileRef = E26B50540E8EC0A6009FC7B8 /* AreaLight.cpp */; };
		E26CE7F00EAA3FA70039B7AC /* ConvexPartCylinder.cpp in Sources */ = {isa = PBXBuildFile; fileRef = E26CE7EF0EAA3FA70039B7AC /* ConvexPartCylinder.cpp */; };
		E26CE84F0EAA49FF0039B7AC /* ConvexPartTorus.cpp in Sources */ = {isa = PBXBuildFile; fileRef = E26CE84E0EAA49FF0039B7AC /* ConvexPartTorus.cpp */; };
		E26E6C7E0E832F8B00808BE1 /* PointLight.cpp in Sources */ = {isa = PBXBuildFile; fileRef = E26E6C7D0E832F8B00808BE1 /* PointLight.cpp */; };
		E26E6CCF0E8336B200808BE1 /* Directional.cpp in Sources */ = {isa = PBXBuildFile; fileRef = E26E6CCE0E8336B200808BE1 /* Directional.cpp */; };
		E26E6D620E83539C00808BE1 /* RayCast.cpp in Sources */ = {isa = PBXBuildFile; fileRef = E26E6D610E83539C00808BE1 /* RayCast.cpp */; };
		E26E6DD60E8358F000808BE1 /* Material.cpp in Sources */ = {isa = PBXBuildFile; fileRef = E26E6DD50E8358F000808BE1 /* Material.cpp */; };
		E26E6E690E83689200808BE1 /* Matte.cpp in Sources */ = {isa = PBXBuildFile; fileRef = E26E6E680E83689200808BE1 /* Matte.cpp */; };
		E26E70EE0E87EE9D00808BE1 /* GlossySpecular.cpp in Sources */ = {isa = PBXBuildFile; fileRef = E26E70ED0E87EE9D00808BE1 /* GlossySpecular.cpp */; };
		E2A7CAEC0E80A0E100F18A54 /* FishEye.cpp in Sources */ = {isa = PBXBuildFile; fileRef = E2A7CAEB0E80A0E100F18A54 /* FishEye.cpp */; };
		E2A7CC270E814FA200F18A54 /* Spherical.cpp in Sources */ = {isa = PBXBuildFile; fileRef = E2A7CC260E814FA200F18A54 /* Spherical.cpp */; };
		E2A7CC8A0E815B4000F18A54 /* StereoCamera.cpp in Sources */ = {isa = PBXBuildFile; fileRef = E2A7CC890E815B4000F18A54 /* StereoCamera.cpp */; };
		E2A7CE4B0E81D11D00F18A54 /* BRDF.cpp in Sources */ = {isa = PBXBuildFile; fileRef = E2A7CE4A0E81D11D00F18A54 /* BRDF.cpp */; };
		E2A7CE5B0E81F80800F18A54 /* Lambertian.cpp in Sources */ = {isa = PBXBuildFile; fileRef = E2A7CE5A0E81F80800F18A54 /* Lambertian.cpp */; };
		E2A7CEF50E83217E00F18A54 /* Light.cpp in Sources */ = {isa = PBXBuildFile; fileRef = E2A7CEF40E83217E00F18A54 /* Light.cpp */; };
		E2A7CF180E8323D400F18A54 /* Ambient.cpp in Sources */ = {isa = PBXBuildFile; fileRef = E2A7CF170E8323D400F18A54 /* Ambient.cpp */; };
		E2AA9A720E78A05900C6D560 /* BuildBBCoverPic.cpp in Sources */ = {isa = PBXBuildFile; fileRef = E2AA9A6F0E78A05900C6D560 /* BuildBBCoverPic.cpp */; };
		E2AA9A730E78A05900C6D560 /* BuildMultipleObjects.cpp in Sources */ = {isa = PBXBuildFile; fileRef = E2AA9A700E78A05900C6D560 /* BuildMultipleObjects.cpp */; };
		E2AA9A740E78A05900C6D560 /* BuildSingleSphere.cpp in Sources */ = {isa = PBXBuildFile; fileRef = E2AA9A710E78A05900C6D560 /* BuildSingleSphere.cpp */; };
		E2B3B4160E7C623800406AA3 /* Sampler.cpp in Sources */ = {isa = PBXBuildFile; fileRef = E2B3B4150E7C623800406AA3 /* Sampler.cpp */; };
		E2B3B45F0E7C6DEE00406AA3 /* Jittered.cpp in Sources */ = {isa = PBXBuildFile; fileRef = E2B3B45E0E7C6DEE00406AA3 /* Jittered.cpp */; };
		E2B3B53C0E7C946200406AA3 /* NRooks.cpp in Sources */ = {isa = PBXBuildFile; fileRef = E2B3B53B0E7C946200406AA3 /* NRooks.cpp */; };
		E2B3B5AC0E7C9C7400406AA3 /* MultiJittered.cpp in Sources */ = {isa = PBXBuildFile; fileRef = E2B3B5AA0E7C9C7400406AA3 /* MultiJittered.cpp */; };
		E2B3B5B30E7CA13700406AA3 /* Regular.cpp in Sources */ = {isa = PBXBuildFile; fileRef = E2B3B5B10E7CA13700406AA3 /* Regular.cpp */; };
		E2B3B68C0E7DC02200406AA3 /* Camera.cpp in Sources */ = {isa = PBXBuildFile; fileRef = E2B3B68B0E7DC02200406AA3 /* Camera.cpp */; };
		E2B3B6A00E7DC6FF00406AA3 /* Pinhole.cpp in Sources */ = {isa = PBXBuildFile; fileRef = E2B3B69F0E7DC6FF00406AA3 /* Pinhole.cpp */; };
		E2B3B8D60E7EC58C00406AA3 /* ThinLens.cpp in Sources */ = {isa = PBXBuildFile; fileRef = E2B3B8D50E7EC58C00406AA3 /* ThinLens.cpp */; };
		E2BE3EF90EA25AF200118229 /* Disk.cpp in Sources */ = {isa = PBXBuildFile; fileRef = E2BE3EF80EA25AF200118229 /* Disk.cpp */; };
		E2BE3F770EA26C5F00118229 /* Box.cpp in Sources */ = {isa = PBXBuildFile; fileRef = E2BE3F760EA26C5F00118229 /* Box.cpp */; };
		E2BE40330EA27FC300118229 /* OpenCylinder.cpp in Sources */ = {isa = PBXBuildFile; fileRef = E2BE40320EA27FC300118229 /* OpenCylinder.cpp */; };
		E2BE41070EA2A48A00118229 /* Maths.cpp in Sources */ = {isa = PBXBuildFile; fileRef = E2BE41060EA2A48A00118229 /* Maths.cpp */; };
		E2BE41280EA2A65A00118229 /* Torus.cpp in Sources */ = {isa = PBXBuildFile; fileRef = E2BE41270EA2A65A00118229 /* Torus.cpp */; };
		E2BE41750EA2B79400118229 /* FakeSphericalLight.cpp in Sources */ = {isa = PBXBuildFile; fileRef = E2BE41740EA2B79400118229 /* FakeSphericalLight.cpp */; };
		E2BE41F60EA3A5F500118229 /* ConvexPartSphere.cpp in Sources */ = {isa = PBXBuildFile; fileRef = E2BE41F50EA3A5F500118229 /* ConvexPartSphere.cpp */; };
		E2BE42B00EA3C40700118229 /* SolidCylinder.cpp in Sources */ = {isa = PBXBuildFile; fileRef = E2BE42AF0EA3C40700118229 /* SolidCylinder.cpp */; };
		E2BE448F0EA6528600118229 /* Instance.cpp in Sources */ = {isa = PBXBuildFile; fileRef = E2BE448E0EA6528600118229 /* Instance.cpp */; };
		E2D069270E789ADE00E34880 /* GeometricObject.cpp in Sources */ = {isa = PBXBuildFile; fileRef = E2D068F50E789ADE00E34880 /* GeometricObject.cpp */; };
		E2D069280E789ADE00E34880 /* Plane.cpp in Sources */ = {isa = PBXBuildFile; fileRef = E2D068F70E789ADE00E34880 /* Plane.cpp */; };
		E2D069290E789ADE00E34880 /* Sphere.cpp in Sources */ = {isa = PBXBuildFile; fileRef = E2D068F90E789ADE00E34880 /* Sphere.cpp */; };
		E2D0692D0E789ADE00E34880 /* MultipleObjects.cpp in Sources */ = {isa = PBXBuildFile; fileRef = E2D069060E789ADE00E34880 /* MultipleObjects.cpp */; };
		E2D0692E0E789ADE00E34880 /* SingleSphere.cpp in Sources */ = {isa = PBXBuildFile; fileRef = E2D069080E789ADE00E34880 /* SingleSphere.cpp */; };
		E2D0692F0E789ADE00E34880 /* Tracer.cpp in Sources */ = {isa = PBXBuildFile; fileRef = E2D0690A0E789ADE00E34880 /* Tracer.cpp */; };
		E2D069300E789ADE00E34880 /* bg.xpm in Resources */ = {isa = PBXBuildFile; fileRef = E2D0690D0E789ADE00E34880 /* bg.xpm */; };
		E2D069310E789ADE00E34880 /* main.xpm in Resources */ = {isa = PBXBuildFile; fileRef = E2D0690E0E789ADE00E34880 /* main.xpm */; };
		E2D069320E789ADE00E34880 /* wxraytracer.cpp in Sources */ = {isa = PBXBuildFile; fileRef = E2D0690F0E789ADE00E34880 /* wxraytracer.cpp */; };
		E2D069330E789ADE00E34880 /* Matrix.cpp in Sources */ = {isa = PBXBuildFile; fileRef = E2D069140E789ADE00E34880 /* Matrix.cpp */; };
		E2D069340E789ADE00E34880 /* Normal.cpp in Sources */ = {isa = PBXBuildFile; fileRef = E2D069160E789ADE00E34880 /* Normal.cpp */; };
		E2D069350E789ADE00E34880 /* Point3D.cpp in Sources */ = {isa = PBXBuildFile; fileRef = E2D069180E789ADE00E34880 /* Point3D.cpp */; };
		E2D069360E789ADE00E34880 /* Ray.cpp in Sources */ = {isa = PBXBuildFile; fileRef = E2D0691A0E789ADE00E34880 /* Ray.cpp */; };
		E2D069370E789ADE00E34880 /* MyRGBColor.cpp in Sources */ = {isa = PBXBuildFile; fileRef = E2D0691C0E789ADE00E34880 /* MyRGBColor.cpp */; };
		E2D069380E789ADE00E34880 /* ShadeRec.cpp in Sources */ = {isa = PBXBuildFile; fileRef = E2D0691E0E789ADE00E34880 /* ShadeRec.cpp */; };
		E2D069390E789ADE00E34880 /* Vector3D.cpp in Sources */ = {isa = PBXBuildFile; fileRef = E2D069200E789ADE00E34880 /* Vector3D.cpp */; };
		E2D0693A0E789ADE00E34880 /* ViewPlane.cpp in Sources */ = {isa = PBXBuildFile; fileRef = E2D069230E789ADE00E34880 /* ViewPlane.cpp */; };
		E2D0693B0E789ADE00E34880 /* World.cpp in Sources */ = {isa = PBXBuildFile; fileRef = E2D069250E789ADE00E34880 /* World.cpp */; };
		E2D9CF070E9008C40043E276 /* BBox.cpp in Sources */ = {isa = PBXBuildFile; fileRef = E2D9CF060E9008C40043E276 /* BBox.cpp */; };
		E2D9CFDC0E9024E70043E276 /* Compound.cpp in Sources */ = {isa = PBXBuildFile; fileRef = E2D9CFDB0E9024E70043E276 /* Compound.cpp */; };
		E2D9D0150E9045F70043E276 /* Grid.cpp in Sources */ = {isa = PBXBuildFile; fileRef = E2D9D0140E9045F70043E276 /* Grid.cpp */; };
/* End PBXBuildFile section */

/* Begin PBXFileReference section */
		E21358320E7AE87E00943FEA /* Point2D.cpp */ = {isa = PBXFileReference; explicitFileType = sourcecode.cpp.objcpp; fileEncoding = 4; path = Point2D.cpp; sourceTree = "<group>"; };
		E21358330E7AE87E00943FEA /* Point2D.h */ = {isa = PBXFileReference; fileEncoding = 4; lastKnownFileType = sourcecode.c.h; path = Point2D.h; sourceTree = "<group>"; };
		E23A65030E87F2170041864C /* Phong.h */ = {isa = PBXFileReference; fileEncoding = 4; lastKnownFileType = sourcecode.c.h; path = Phong.h; sourceTree = "<group>"; };
		E23A65040E87F2170041864C /* Phong.cpp */ = {isa = PBXFileReference; explicitFileType = sourcecode.cpp.objcpp; fileEncoding = 4; path = Phong.cpp; sourceTree = "<group>"; };
		E2524E8F0E70ABFC00301597 /* Ray Tracer.app */ = {isa = PBXFileReference; explicitFileType = wrapper.application; includeInIndex = 0; path = "Ray Tracer.app"; sourceTree = BUILT_PRODUCTS_DIR; };
		E2524E920E70ABFC00301597 /* Ray Tracer-Info.plist */ = {isa = PBXFileReference; lastKnownFileType = text.plist.xml; path = "Ray Tracer-Info.plist"; sourceTree = "<group>"; };
		E25555A10E9D8B2300EF6FC1 /* Triangle.h */ = {isa = PBXFileReference; fileEncoding = 4; lastKnownFileType = sourcecode.c.h; path = Triangle.h; sourceTree = "<group>"; };
		E25555A20E9D8B2400EF6FC1 /* Triangle.cpp */ = {isa = PBXFileReference; explicitFileType = sourcecode.cpp.objcpp; fileEncoding = 4; path = Triangle.cpp; sourceTree = "<group>"; };
		E257E6600E8F405200C01712 /* EnvironmentLight.h */ = {isa = PBXFileReference; fileEncoding = 4; lastKnownFileType = sourcecode.c.h; path = EnvironmentLight.h; sourceTree = "<group>"; };
		E257E6610E8F405200C01712 /* EnvironmentLight.cpp */ = {isa = PBXFileReference; explicitFileType = sourcecode.cpp.objcpp; fileEncoding = 4; path = EnvironmentLight.cpp; sourceTree = "<group>"; };
		E257E7170E8F537100C01712 /* ConcaveSphere.h */ = {isa = PBXFileReference; fileEncoding = 4; lastKnownFileType = sourcecode.c.h; path = ConcaveSphere.h; sourceTree = "<group>"; };
		E257E7180E8F537100C01712 /* ConcaveSphere.cpp */ = {isa = PBXFileReference; explicitFileType = sourcecode.cpp.objcpp; fileEncoding = 4; path = ConcaveSphere.cpp; sourceTree = "<group>"; };
		E26B4E980E8D56F7009FC7B8 /* AmbientOccluder.h */ = {isa = PBXFileReference; fileEncoding = 4; lastKnownFileType = sourcecode.c.h; path = AmbientOccluder.h; sourceTree = "<group>"; };
		E26B4E990E8D56F7009FC7B8 /* AmbientOccluder.cpp */ = {isa = PBXFileReference; explicitFileType = sourcecode.cpp.objcpp; fileEncoding = 4; path = AmbientOccluder.cpp; sourceTree = "<group>"; };
		E26B4F640E8DBA29009FC7B8 /* AreaLighting.h */ = {isa = PBXFileReference; fileEncoding = 4; lastKnownFileType = sourcecode.c.h; path = AreaLighting.h; sourceTree = "<group>"; };
		E26B4F650E8DBA29009FC7B8 /* AreaLighting.cpp */ = {isa = PBXFileReference; explicitFileType = sourcecode.cpp.objcpp; fileEncoding = 4; path = AreaLighting.cpp; sourceTree = "<group>"; };
		E26B4F8E0E8DFCF9009FC7B8 /* Emissive.h */ = {isa = PBXFileReference; fileEncoding = 4; lastKnownFileType = sourcecode.c.h; path = Emissive.h; sourceTree = "<group>"; };
		E26B4F8F0E8DFCF9009FC7B8 /* Emissive.cpp */ = {isa = PBXFileReference; explicitFileType = sourcecode.cpp.objcpp; fileEncoding = 4; path = Emissive.cpp; sourceTree = "<group>"; };
		E26B50310E8EBEDB009FC7B8 /* Rectangle.h */ = {isa = PBXFileReference; fileEncoding = 4; lastKnownFileType = sourcecode.c.h; path = Rectangle.h; sourceTree = "<group>"; };
		E26B50320E8EBEDB009FC7B8 /* Rectangle.cpp */ = {isa = PBXFileReference; explicitFileType = sourcecode.cpp.objcpp; fileEncoding = 4; path = Rectangle.cpp; sourceTree = "<group>"; };
		E26B50530E8EC0A6009FC7B8 /* AreaLight.h */ = {isa = PBXFileReference; fileEncoding = 4; lastKnownFileType = sourcecode.c.h; path = AreaLight.h; sourceTree = "<group>"; };
		E26B50540E8EC0A6009FC7B8 /* AreaLight.cpp */ = {isa = PBXFileReference; explicitFileType = sourcecode.cpp.objcpp; fileEncoding = 4; path = AreaLight.cpp; sourceTree = "<group>"; };
		E26CE7EE0EAA3FA70039B7AC /* ConvexPartCylinder.h */ = {isa = PBXFileReference; fileEncoding = 4; lastKnownFileType = sourcecode.c.h; path = ConvexPartCylinder.h; sourceTree = "<group>"; };
		E26CE7EF0EAA3FA70039B7AC /* ConvexPartCylinder.cpp */ = {isa = PBXFileReference; explicitFileType = sourcecode.cpp.objcpp; fileEncoding = 4; path = ConvexPartCylinder.cpp; sourceTree = "<group>"; };
		E26CE84D0EAA49FF0039B7AC /* ConvexPartTorus.h */ = {isa = PBXFileReference; fileEncoding = 4; lastKnownFileType = sourcecode.c.h; path = ConvexPartTorus.h; sourceTree = "<group>"; };
		E26CE84E0EAA49FF0039B7AC /* ConvexPartTorus.cpp */ = {isa = PBXFileReference; explicitFileType = sourcecode.cpp.objcpp; fileEncoding = 4; path = ConvexPartTorus.cpp; sourceTree = "<group>"; };
		E26E6C7C0E832F8B00808BE1 /* PointLight.h */ = {isa = PBXFileReference; fileEncoding = 4; lastKnownFileType = sourcecode.c.h; path = PointLight.h; sourceTree = "<group>"; };
		E26E6C7D0E832F8B00808BE1 /* PointLight.cpp */ = {isa = PBXFileReference; explicitFileType = sourcecode.cpp.objcpp; fileEncoding = 4; path = PointLight.cpp; sourceTree = "<group>"; };
		E26E6CCD0E8336B200808BE1 /* Directional.h */ = {isa = PBXFileReference; fileEncoding = 4; lastKnownFileType = sourcecode.c.h; path = Directional.h; sourceTree = "<group>"; };
		E26E6CCE0E8336B200808BE1 /* Directional.cpp */ = {isa = PBXFileReference; explicitFileType = sourcecode.cpp.objcpp; fileEncoding = 4; path = Directional.cpp; sourceTree = "<group>"; };
		E26E6D600E83539C00808BE1 /* RayCast.h */ = {isa = PBXFileReference; fileEncoding = 4; lastKnownFileType = sourcecode.c.h; path = RayCast.h; sourceTree = "<group>"; };
		E26E6D610E83539C00808BE1 /* RayCast.cpp */ = {isa = PBXFileReference; explicitFileType = sourcecode.cpp.objcpp; fileEncoding = 4; path = RayCast.cpp; sourceTree = "<group>"; };
		E26E6DD40E8358F000808BE1 /* Material.h */ = {isa = PBXFileReference; fileEncoding = 4; lastKnownFileType = sourcecode.c.h; path = Material.h; sourceTree = "<group>"; };
		E26E6DD50E8358F000808BE1 /* Material.cpp */ = {isa = PBXFileReference; explicitFileType = sourcecode.cpp.objcpp; fileEncoding = 4; path = Material.cpp; sourceTree = "<group>"; };
		E26E6E670E83689200808BE1 /* Matte.h */ = {isa = PBXFileReference; fileEncoding = 4; lastKnownFileType = sourcecode.c.h; path = Matte.h; sourceTree = "<group>"; };
		E26E6E680E83689200808BE1 /* Matte.cpp */ = {isa = PBXFileReference; explicitFileType = sourcecode.cpp.objcpp; fileEncoding = 4; path = Matte.cpp; sourceTree = "<group>"; };
		E26E70EC0E87EE9D00808BE1 /* GlossySpecular.h */ = {isa = PBXFileReference; fileEncoding = 4; lastKnownFileType = sourcecode.c.h; path = GlossySpecular.h; sourceTree = "<group>"; };
		E26E70ED0E87EE9D00808BE1 /* GlossySpecular.cpp */ = {isa = PBXFileReference; explicitFileType = sourcecode.cpp.objcpp; fileEncoding = 4; path = GlossySpecular.cpp; sourceTree = "<group>"; };
		E2A7CAEA0E80A0E100F18A54 /* FishEye.h */ = {isa = PBXFileReference; fileEncoding = 4; lastKnownFileType = sourcecode.c.h; path = FishEye.h; sourceTree = "<group>"; };
		E2A7CAEB0E80A0E100F18A54 /* FishEye.cpp */ = {isa = PBXFileReference; explicitFileType = sourcecode.cpp.objcpp; fileEncoding = 4; path = FishEye.cpp; sourceTree = "<group>"; };
		E2A7CC250E814FA200F18A54 /* Spherical.h */ = {isa = PBXFileReference; fileEncoding = 4; lastKnownFileType = sourcecode.c.h; path = Spherical.h; sourceTree = "<group>"; };
		E2A7CC260E814FA200F18A54 /* Spherical.cpp */ = {isa = PBXFileReference; explicitFileType = sourcecode.cpp.objcpp; fileEncoding = 4; path = Spherical.cpp; sourceTree = "<group>"; };
		E2A7CC880E815B4000F18A54 /* StereoCamera.h */ = {isa = PBXFileReference; fileEncoding = 4; lastKnownFileType = sourcecode.c.h; path = StereoCamera.h; sourceTree = "<group>"; };
		E2A7CC890E815B4000F18A54 /* StereoCamera.cpp */ = {isa = PBXFileReference; explicitFileType = sourcecode.cpp.objcpp; fileEncoding = 4; path = StereoCamera.cpp; sourceTree = "<group>"; };
		E2A7CE490E81D11D00F18A54 /* BRDF.h */ = {isa = PBXFileReference; fileEncoding = 4; lastKnownFileType = sourcecode.c.h; path = BRDF.h; sourceTree = "<group>"; };
		E2A7CE4A0E81D11D00F18A54 /* BRDF.cpp */ = {isa = PBXFileReference; explicitFileType = sourcecode.cpp.objcpp; fileEncoding = 4; path = BRDF.cpp; sourceTree = "<group>"; };
		E2A7CE590E81F80800F18A54 /* Lambertian.h */ = {isa = PBXFileReference; fileEncoding = 4; lastKnownFileType = sourcecode.c.h; path = Lambertian.h; sourceTree = "<group>"; };
		E2A7CE5A0E81F80800F18A54 /* Lambertian.cpp */ = {isa = PBXFileReference; explicitFileType = sourcecode.cpp.objcpp; fileEncoding = 4; path = Lambertian.cpp; sourceTree = "<group>"; };
		E2A7CEF30E83217E00F18A54 /* Light.h */ = {isa = PBXFileReference; fileEncoding = 4; lastKnownFileType = sourcecode.c.h; path = Light.h; sourceTree = "<group>"; };
		E2A7CEF40E83217E00F18A54 /* Light.cpp */ = {isa = PBXFileReference; explicitFileType = sourcecode.cpp.objcpp; fileEncoding = 4; path = Light.cpp; sourceTree = "<group>"; };
		E2A7CF160E8323D400F18A54 /* Ambient.h */ = {isa = PBXFileReference; fileEncoding = 4; lastKnownFileType = sourcecode.c.h; path = Ambient.h; sourceTree = "<group>"; };
		E2A7CF170E8323D400F18A54 /* Ambient.cpp */ = {isa = PBXFileReference; explicitFileType = sourcecode.cpp.objcpp; fileEncoding = 4; path = Ambient.cpp; sourceTree = "<group>"; };
		E2AA9A6F0E78A05900C6D560 /* BuildBBCoverPic.cpp */ = {isa = PBXFileReference; explicitFileType = sourcecode.cpp.objcpp; fileEncoding = 4; path = BuildBBCoverPic.cpp; sourceTree = "<group>"; };
		E2AA9A700E78A05900C6D560 /* BuildMultipleObjects.cpp */ = {isa = PBXFileReference; explicitFileType = sourcecode.cpp.objcpp; fileEncoding = 4; path = BuildMultipleObjects.cpp; sourceTree = "<group>"; };
		E2AA9A710E78A05900C6D560 /* BuildSingleSphere.cpp */ = {isa = PBXFileReference; explicitFileType = sourcecode.cpp.objcpp; fileEncoding = 4; path = BuildSingleSphere.cpp; sourceTree = "<group>"; };
		E2B3B4140E7C623800406AA3 /* Sampler.h */ = {isa = PBXFileReference; fileEncoding = 4; lastKnownFileType = sourcecode.c.h; path = Sampler.h; sourceTree = "<group>"; };
		E2B3B4150E7C623800406AA3 /* Sampler.cpp */ = {isa = PBXFileReference; explicitFileType = sourcecode.cpp.objcpp; fileEncoding = 4; path = Sampler.cpp; sourceTree = "<group>"; };
		E2B3B45D0E7C6DEE00406AA3 /* Jittered.h */ = {isa = PBXFileReference; fileEncoding = 4; lastKnownFileType = sourcecode.c.h; path = Jittered.h; sourceTree = "<group>"; };
		E2B3B45E0E7C6DEE00406AA3 /* Jittered.cpp */ = {isa = PBXFileReference; explicitFileType = sourcecode.cpp.objcpp; fileEncoding = 4; path = Jittered.cpp; sourceTree = "<group>"; };
		E2B3B53A0E7C946200406AA3 /* NRooks.h */ = {isa = PBXFileReference; fileEncoding = 4; lastKnownFileType = sourcecode.c.h; path = NRooks.h; sourceTree = "<group>"; };
		E2B3B53B0E7C946200406AA3 /* NRooks.cpp */ = {isa = PBXFileReference; explicitFileType = sourcecode.cpp.objcpp; fileEncoding = 4; path = NRooks.cpp; sourceTree = "<group>"; };
		E2B3B5AA0E7C9C7400406AA3 /* MultiJittered.cpp */ = {isa = PBXFileReference; explicitFileType = sourcecode.cpp.objcpp; fileEncoding = 4; path = MultiJittered.cpp; sourceTree = "<group>"; };
		E2B3B5AB0E7C9C7400406AA3 /* MultiJittered.h */ = {isa = PBXFileReference; fileEncoding = 4; lastKnownFileType = sourcecode.c.h; path = MultiJittered.h; sourceTree = "<group>"; };
		E2B3B5B10E7CA13700406AA3 /* Regular.cpp */ = {isa = PBXFileReference; explicitFileType = sourcecode.cpp.objcpp; fileEncoding = 4; path = Regular.cpp; sourceTree = "<group>"; };
		E2B3B5B20E7CA13700406AA3 /* Regular.h */ = {isa = PBXFileReference; fileEncoding = 4; lastKnownFileType = sourcecode.c.h; path = Regular.h; sourceTree = "<group>"; };
		E2B3B68A0E7DC02200406AA3 /* Camera.h */ = {isa = PBXFileReference; fileEncoding = 4; lastKnownFileType = sourcecode.c.h; path = Camera.h; sourceTree = "<group>"; };
		E2B3B68B0E7DC02200406AA3 /* Camera.cpp */ = {isa = PBXFileReference; explicitFileType = sourcecode.cpp.objcpp; fileEncoding = 4; path = Camera.cpp; sourceTree = "<group>"; };
		E2B3B69E0E7DC6FF00406AA3 /* Pinhole.h */ = {isa = PBXFileReference; fileEncoding = 4; lastKnownFileType = sourcecode.c.h; name = Pinhole.h; path = ../Pinhole.h; sourceTree = "<group>"; };
		E2B3B69F0E7DC6FF00406AA3 /* Pinhole.cpp */ = {isa = PBXFileReference; explicitFileType = sourcecode.cpp.objcpp; fileEncoding = 4; name = Pinhole.cpp; path = ../Pinhole.cpp; sourceTree = "<group>"; };
		E2B3B8D40E7EC58C00406AA3 /* ThinLens.h */ = {isa = PBXFileReference; fileEncoding = 4; lastKnownFileType = sourcecode.c.h; path = ThinLens.h; sourceTree = "<group>"; };
		E2B3B8D50E7EC58C00406AA3 /* ThinLens.cpp */ = {isa = PBXFileReference; explicitFileType = sourcecode.cpp.objcpp; fileEncoding = 4; path = ThinLens.cpp; sourceTree = "<group>"; };
		E2BE3EF70EA25AF200118229 /* Disk.h */ = {isa = PBXFileReference; fileEncoding = 4; lastKnownFileType = sourcecode.c.h; path = Disk.h; sourceTree = "<group>"; };
		E2BE3EF80EA25AF200118229 /* Disk.cpp */ = {isa = PBXFileReference; explicitFileType = sourcecode.cpp.objcpp; fileEncoding = 4; path = Disk.cpp; sourceTree = "<group>"; };
		E2BE3F750EA26C5F00118229 /* Box.h */ = {isa = PBXFileReference; fileEncoding = 4; lastKnownFileType = sourcecode.c.h; path = Box.h; sourceTree = "<group>"; };
		E2BE3F760EA26C5F00118229 /* Box.cpp */ = {isa = PBXFileReference; explicitFileType = sourcecode.cpp.objcpp; fileEncoding = 4; path = Box.cpp; sourceTree = "<group>"; };
		E2BE40310EA27FC300118229 /* OpenCylinder.h */ = {isa = PBXFileReference; fileEncoding = 4; lastKnownFileType = sourcecode.c.h; path = OpenCylinder.h; sourceTree = "<group>"; };
		E2BE40320EA27FC300118229 /* OpenCylinder.cpp */ = {isa = PBXFileReference; explicitFileType = sourcecode.cpp.objcpp; fileEncoding = 4; path = OpenCylinder.cpp; sourceTree = "<group>"; };
		E2BE41060EA2A48A00118229 /* Maths.cpp */ = {isa = PBXFileReference; explicitFileType = sourcecode.cpp.objcpp; fileEncoding = 4; path = Maths.cpp; sourceTree = "<group>"; };
		E2BE41260EA2A65A00118229 /* Torus.h */ = {isa = PBXFileReference; fileEncoding = 4; lastKnownFileType = sourcecode.c.h; path = Torus.h; sourceTree = "<group>"; };
		E2BE41270EA2A65A00118229 /* Torus.cpp */ = {isa = PBXFileReference; explicitFileType = sourcecode.cpp.objcpp; fileEncoding = 4; path = Torus.cpp; sourceTree = "<group>"; };
		E2BE41730EA2B79400118229 /* FakeSphericalLight.h */ = {isa = PBXFileReference; fileEncoding = 4; lastKnownFileType = sourcecode.c.h; path = FakeSphericalLight.h; sourceTree = "<group>"; };
		E2BE41740EA2B79400118229 /* FakeSphericalLight.cpp */ = {isa = PBXFileReference; explicitFileType = sourcecode.cpp.objcpp; fileEncoding = 4; path = FakeSphericalLight.cpp; sourceTree = "<group>"; };
		E2BE41F40EA3A5F500118229 /* ConvexPartSphere.h */ = {isa = PBXFileReference; fileEncoding = 4; lastKnownFileType = sourcecode.c.h; path = ConvexPartSphere.h; sourceTree = "<group>"; };
		E2BE41F50EA3A5F500118229 /* ConvexPartSphere.cpp */ = {isa = PBXFileReference; explicitFileType = sourcecode.cpp.objcpp; fileEncoding = 4; path = ConvexPartSphere.cpp; sourceTree = "<group>"; };
		E2BE42AE0EA3C40700118229 /* SolidCylinder.h */ = {isa = PBXFileReference; fileEncoding = 4; lastKnownFileType = sourcecode.c.h; path = SolidCylinder.h; sourceTree = "<group>"; };
		E2BE42AF0EA3C40700118229 /* SolidCylinder.cpp */ = {isa = PBXFileReference; explicitFileType = sourcecode.cpp.objcpp; fileEncoding = 4; path = SolidCylinder.cpp; sourceTree = "<group>"; };
		E2BE448D0EA6528600118229 /* Instance.h */ = {isa = PBXFileReference; fileEncoding = 4; lastKnownFileType = sourcecode.c.h; path = Instance.h; sourceTree = "<group>"; };
		E2BE448E0EA6528600118229 /* Instance.cpp */ = {isa = PBXFileReference; explicitFileType = sourcecode.cpp.objcpp; fileEncoding = 4; path = Instance.cpp; sourceTree = "<group>"; };
		E2D068F50E789ADE00E34880 /* GeometricObject.cpp */ = {isa = PBXFileReference; explicitFileType = sourcecode.cpp.objcpp; fileEncoding = 4; path = GeometricObject.cpp; sourceTree = "<group>"; };
		E2D068F60E789ADE00E34880 /* GeometricObject.h */ = {isa = PBXFileReference; fileEncoding = 4; lastKnownFileType = sourcecode.c.h; path = GeometricObject.h; sourceTree = "<group>"; };
		E2D068F70E789ADE00E34880 /* Plane.cpp */ = {isa = PBXFileReference; explicitFileType = sourcecode.cpp.objcpp; fileEncoding = 4; path = Plane.cpp; sourceTree = "<group>"; };
		E2D068F80E789ADE00E34880 /* Plane.h */ = {isa = PBXFileReference; fileEncoding = 4; lastKnownFileType = sourcecode.c.h; path = Plane.h; sourceTree = "<group>"; };
		E2D068F90E789ADE00E34880 /* Sphere.cpp */ = {isa = PBXFileReference; explicitFileType = sourcecode.cpp.objcpp; fileEncoding = 4; path = Sphere.cpp; sourceTree = "<group>"; };
		E2D068FA0E789ADE00E34880 /* Sphere.h */ = {isa = PBXFileReference; fileEncoding = 4; lastKnownFileType = sourcecode.c.h; path = Sphere.h; sourceTree = "<group>"; };
		E2D069060E789ADE00E34880 /* MultipleObjects.cpp */ = {isa = PBXFileReference; explicitFileType = sourcecode.cpp.objcpp; fileEncoding = 4; path = MultipleObjects.cpp; sourceTree = "<group>"; };
		E2D069070E789ADE00E34880 /* MultipleObjects.h */ = {isa = PBXFileReference; fileEncoding = 4; lastKnownFileType = sourcecode.c.h; path = MultipleObjects.h; sourceTree = "<group>"; };
		E2D069080E789ADE00E34880 /* SingleSphere.cpp */ = {isa = PBXFileReference; explicitFileType = sourcecode.cpp.objcpp; fileEncoding = 4; path = SingleSphere.cpp; sourceTree = "<group>"; };
		E2D069090E789ADE00E34880 /* SingleSphere.h */ = {isa = PBXFileReference; fileEncoding = 4; lastKnownFileType = sourcecode.c.h; path = SingleSphere.h; sourceTree = "<group>"; };
		E2D0690A0E789ADE00E34880 /* Tracer.cpp */ = {isa = PBXFileReference; explicitFileType = sourcecode.cpp.objcpp; fileEncoding = 4; path = Tracer.cpp; sourceTree = "<group>"; };
		E2D0690B0E789ADE00E34880 /* Tracer.h */ = {isa = PBXFileReference; fileEncoding = 4; lastKnownFileType = sourcecode.c.h; path = Tracer.h; sourceTree = "<group>"; };
		E2D0690D0E789ADE00E34880 /* bg.xpm */ = {isa = PBXFileReference; fileEncoding = 4; lastKnownFileType = text; path = bg.xpm; sourceTree = "<group>"; };
		E2D0690E0E789ADE00E34880 /* main.xpm */ = {isa = PBXFileReference; fileEncoding = 4; lastKnownFileType = text; path = main.xpm; sourceTree = "<group>"; };
		E2D0690F0E789ADE00E34880 /* wxraytracer.cpp */ = {isa = PBXFileReference; explicitFileType = sourcecode.cpp.objcpp; fileEncoding = 4; path = wxraytracer.cpp; sourceTree = "<group>"; };
		E2D069100E789ADE00E34880 /* wxraytracer.h */ = {isa = PBXFileReference; fileEncoding = 4; lastKnownFileType = sourcecode.c.h; path = wxraytracer.h; sourceTree = "<group>"; };
		E2D069120E789ADE00E34880 /* Constants.h */ = {isa = PBXFileReference; fileEncoding = 4; lastKnownFileType = sourcecode.c.h; path = Constants.h; sourceTree = "<group>"; };
		E2D069130E789ADE00E34880 /* Maths.h */ = {isa = PBXFileReference; fileEncoding = 4; lastKnownFileType = sourcecode.c.h; path = Maths.h; sourceTree = "<group>"; };
		E2D069140E789ADE00E34880 /* Matrix.cpp */ = {isa = PBXFileReference; explicitFileType = sourcecode.cpp.objcpp; fileEncoding = 4; path = Matrix.cpp; sourceTree = "<group>"; };
		E2D069150E789ADE00E34880 /* Matrix.h */ = {isa = PBXFileReference; fileEncoding = 4; lastKnownFileType = sourcecode.c.h; path = Matrix.h; sourceTree = "<group>"; };
		E2D069160E789ADE00E34880 /* Normal.cpp */ = {isa = PBXFileReference; explicitFileType = sourcecode.cpp.objcpp; fileEncoding = 4; path = Normal.cpp; sourceTree = "<group>"; };
		E2D069170E789ADE00E34880 /* Normal.h */ = {isa = PBXFileReference; fileEncoding = 4; lastKnownFileType = sourcecode.c.h; path = Normal.h; sourceTree = "<group>"; };
		E2D069180E789ADE00E34880 /* Point3D.cpp */ = {isa = PBXFileReference; explicitFileType = sourcecode.cpp.objcpp; fileEncoding = 4; path = Point3D.cpp; sourceTree = "<group>"; };
		E2D069190E789ADE00E34880 /* Point3D.h */ = {isa = PBXFileReference; fileEncoding = 4; lastKnownFileType = sourcecode.c.h; path = Point3D.h; sourceTree = "<group>"; };
		E2D0691A0E789ADE00E34880 /* Ray.cpp */ = {isa = PBXFileReference; explicitFileType = sourcecode.cpp.objcpp; fileEncoding = 4; path = Ray.cpp; sourceTree = "<group>"; };
		E2D0691B0E789ADE00E34880 /* Ray.h */ = {isa = PBXFileReference; fileEncoding = 4; lastKnownFileType = sourcecode.c.h; path = Ray.h; sourceTree = "<group>"; };
		E2D0691C0E789ADE00E34880 /* MyRGBColor.cpp */ = {isa = PBXFileReference; explicitFileType = sourcecode.cpp.objcpp; fileEncoding = 4; path = MyRGBColor.cpp; sourceTree = "<group>"; };
		E2D0691D0E789ADE00E34880 /* MyRGBColor.h */ = {isa = PBXFileReference; fileEncoding = 4; lastKnownFileType = sourcecode.c.h; path = MyRGBColor.h; sourceTree = "<group>"; };
		E2D0691E0E789ADE00E34880 /* ShadeRec.cpp */ = {isa = PBXFileReference; explicitFileType = sourcecode.cpp.objcpp; fileEncoding = 4; path = ShadeRec.cpp; sourceTree = "<group>"; };
		E2D0691F0E789ADE00E34880 /* ShadeRec.h */ = {isa = PBXFileReference; fileEncoding = 4; lastKnownFileType = sourcecode.c.h; path = ShadeRec.h; sourceTree = "<group>"; };
		E2D069200E789ADE00E34880 /* Vector3D.cpp */ = {isa = PBXFileReference; explicitFileType = sourcecode.cpp.objcpp; fileEncoding = 4; path = Vector3D.cpp; sourceTree = "<group>"; };
		E2D069210E789ADE00E34880 /* Vector3D.h */ = {isa = PBXFileReference; fileEncoding = 4; lastKnownFileType = sourcecode.c.h; path = Vector3D.h; sourceTree = "<group>"; };
		E2D069230E789ADE00E34880 /* ViewPlane.cpp */ = {isa = PBXFileReference; explicitFileType = sourcecode.cpp.objcpp; fileEncoding = 4; path = ViewPlane.cpp; sourceTree = "<group>"; };
		E2D069240E789ADE00E34880 /* ViewPlane.h */ = {isa = PBXFileReference; fileEncoding = 4; lastKnownFileType = sourcecode.c.h; path = ViewPlane.h; sourceTree = "<group>"; };
		E2D069250E789ADE00E34880 /* World.cpp */ = {isa = PBXFileReference; explicitFileType = sourcecode.cpp.objcpp; fileEncoding = 4; path = World.cpp; sourceTree = "<group>"; };
		E2D069260E789ADE00E34880 /* World.h */ = {isa = PBXFileReference; fileEncoding = 4; lastKnownFileType = sourcecode.c.h; path = World.h; sourceTree = "<group>"; };
		E2D9CF050E9008C40043E276 /* BBox.h */ = {isa = PBXFileReference; fileEncoding = 4; lastKnownFileType = sourcecode.c.h; path = BBox.h; sourceTree = "<group>"; };
		E2D9CF060E9008C40043E276 /* BBox.cpp */ = {isa = PBXFileReference; explicitFileType = sourcecode.cpp.objcpp; fileEncoding = 4; path = BBox.cpp; sourceTree = "<group>"; };
		E2D9CFDA0E9024E70043E276 /* Compound.h */ = {isa = PBXFileReference; fileEncoding = 4; lastKnownFileType = sourcecode.c.h; path = Compound.h; sourceTree = "<group>"; };
		E2D9CFDB0E9024E70043E276 /* Compound.cpp */ = {isa = PBXFileReference; explicitFileType = sourcecode.cpp.objcpp; fileEncoding = 4; path = Compound.cpp; sourceTree = "<group>"; };
		E2D9D0130E9045F70043E276 /* Grid.h */ = {isa = PBXFileReference; fileEncoding = 4; lastKnownFileType = sourcecode.c.h; path = Grid.h; sourceTree = "<group>"; };
		E2D9D0140E9045F70043E276 /* Grid.cpp */ = {isa = PBXFileReference; explicitFileType = sourcecode.cpp.objcpp; fileEncoding = 4; path = Grid.cpp; sourceTree = "<group>"; };
/* End PBXFileReference section */

/* Begin PBXFrameworksBuildPhase section */
		E2524E8D0E70ABFC00301597 /* Frameworks */ = {
			isa = PBXFrameworksBuildPhase;
			buildActionMask = 2147483647;
			files = (
			);
			runOnlyForDeploymentPostprocessing = 0;
		};
/* End PBXFrameworksBuildPhase section */

/* Begin PBXGroup section */
		E2524E740E70AB9A00301597 = {
			isa = PBXGroup;
			children = (
				E2D068F10E789ADE00E34880 /* BRDFs */,
				E2D068F20E789ADE00E34880 /* BTDFs */,
				E2D068F30E789ADE00E34880 /* Cameras */,
				E2D068F40E789ADE00E34880 /* GeometricObjects */,
				E2D068FB0E789ADE00E34880 /* Lights */,
				E2D068FC0E789ADE00E34880 /* Mappings */,
				E2D068FD0E789ADE00E34880 /* Materials */,
				E2D068FE0E789ADE00E34880 /* Noises */,
				E2D068FF0E789ADE00E34880 /* Samplers */,
				E2D069000E789ADE00E34880 /* Textures */,
				E2D069010E789ADE00E34880 /* TheBuild */,
				E2D069050E789ADE00E34880 /* Tracers */,
				E2D0690C0E789ADE00E34880 /* UserInterface */,
				E2D069110E789ADE00E34880 /* Utilities */,
				E2D069220E789ADE00E34880 /* World */,
				E2524E900E70ABFC00301597 /* Products */,
				E2524E920E70ABFC00301597 /* Ray Tracer-Info.plist */,
			);
			sourceTree = "<group>";
		};
		E2524E900E70ABFC00301597 /* Products */ = {
			isa = PBXGroup;
			children = (
				E2524E8F0E70ABFC00301597 /* Ray Tracer.app */,
			);
			name = Products;
			sourceTree = "<group>";
		};
		E2D068F10E789ADE00E34880 /* BRDFs */ = {
			isa = PBXGroup;
			children = (
				E2A7CE490E81D11D00F18A54 /* BRDF.h */,
				E2A7CE4A0E81D11D00F18A54 /* BRDF.cpp */,
				E2A7CE590E81F80800F18A54 /* Lambertian.h */,
				E2A7CE5A0E81F80800F18A54 /* Lambertian.cpp */,
				E26E70EC0E87EE9D00808BE1 /* GlossySpecular.h */,
				E26E70ED0E87EE9D00808BE1 /* GlossySpecular.cpp */,
			);
			path = BRDFs;
			sourceTree = "<group>";
		};
		E2D068F20E789ADE00E34880 /* BTDFs */ = {
			isa = PBXGroup;
			children = (
			);
			path = BTDFs;
			sourceTree = "<group>";
		};
		E2D068F30E789ADE00E34880 /* Cameras */ = {
			isa = PBXGroup;
			children = (
				E2B3B69F0E7DC6FF00406AA3 /* Pinhole.cpp */,
				E2B3B69E0E7DC6FF00406AA3 /* Pinhole.h */,
				E2B3B68A0E7DC02200406AA3 /* Camera.h */,
				E2B3B68B0E7DC02200406AA3 /* Camera.cpp */,
				E2B3B8D40E7EC58C00406AA3 /* ThinLens.h */,
				E2B3B8D50E7EC58C00406AA3 /* ThinLens.cpp */,
				E2A7CAEA0E80A0E100F18A54 /* FishEye.h */,
				E2A7CAEB0E80A0E100F18A54 /* FishEye.cpp */,
				E2A7CC250E814FA200F18A54 /* Spherical.h */,
				E2A7CC260E814FA200F18A54 /* Spherical.cpp */,
				E2A7CC880E815B4000F18A54 /* StereoCamera.h */,
				E2A7CC890E815B4000F18A54 /* StereoCamera.cpp */,
			);
			path = Cameras;
			sourceTree = "<group>";
		};
		E2D068F40E789ADE00E34880 /* GeometricObjects */ = {
			isa = PBXGroup;
			children = (
				E2D068F50E789ADE00E34880 /* GeometricObject.cpp */,
				E2D068F60E789ADE00E34880 /* GeometricObject.h */,
				E2D068F70E789ADE00E34880 /* Plane.cpp */,
				E2D068F80E789ADE00E34880 /* Plane.h */,
				E2D068F90E789ADE00E34880 /* Sphere.cpp */,
				E2D068FA0E789ADE00E34880 /* Sphere.h */,
				E26B50310E8EBEDB009FC7B8 /* Rectangle.h */,
				E26B50320E8EBEDB009FC7B8 /* Rectangle.cpp */,
				E257E7170E8F537100C01712 /* ConcaveSphere.h */,
				E257E7180E8F537100C01712 /* ConcaveSphere.cpp */,
				E2D9CFDA0E9024E70043E276 /* Compound.h */,
				E2D9CFDB0E9024E70043E276 /* Compound.cpp */,
				E2D9D0130E9045F70043E276 /* Grid.h */,
				E2D9D0140E9045F70043E276 /* Grid.cpp */,
				E25555A10E9D8B2300EF6FC1 /* Triangle.h */,
				E25555A20E9D8B2400EF6FC1 /* Triangle.cpp */,
				E2BE3EF70EA25AF200118229 /* Disk.h */,
				E2BE3EF80EA25AF200118229 /* Disk.cpp */,
				E2BE3F750EA26C5F00118229 /* Box.h */,
				E2BE3F760EA26C5F00118229 /* Box.cpp */,
				E2BE40310EA27FC300118229 /* OpenCylinder.h */,
				E2BE40320EA27FC300118229 /* OpenCylinder.cpp */,
				E2BE41260EA2A65A00118229 /* Torus.h */,
				E2BE41270EA2A65A00118229 /* Torus.cpp */,
				E2BE41F40EA3A5F500118229 /* ConvexPartSphere.h */,
				E2BE41F50EA3A5F500118229 /* ConvexPartSphere.cpp */,
				E2BE42AE0EA3C40700118229 /* SolidCylinder.h */,
				E2BE42AF0EA3C40700118229 /* SolidCylinder.cpp */,
				E2BE448D0EA6528600118229 /* Instance.h */,
				E2BE448E0EA6528600118229 /* Instance.cpp */,
				E26CE7EE0EAA3FA70039B7AC /* ConvexPartCylinder.h */,
				E26CE7EF0EAA3FA70039B7AC /* ConvexPartCylinder.cpp */,
				E26CE84D0EAA49FF0039B7AC /* ConvexPartTorus.h */,
				E26CE84E0EAA49FF0039B7AC /* ConvexPartTorus.cpp */,
			);
			path = GeometricObjects;
			sourceTree = "<group>";
		};
		E2D068FB0E789ADE00E34880 /* Lights */ = {
			isa = PBXGroup;
			children = (
				E2A7CEF30E83217E00F18A54 /* Light.h */,
				E2A7CEF40E83217E00F18A54 /* Light.cpp */,
				E2A7CF160E8323D400F18A54 /* Ambient.h */,
				E2A7CF170E8323D400F18A54 /* Ambient.cpp */,
				E26E6C7C0E832F8B00808BE1 /* PointLight.h */,
				E26E6C7D0E832F8B00808BE1 /* PointLight.cpp */,
				E26E6CCD0E8336B200808BE1 /* Directional.h */,
				E26E6CCE0E8336B200808BE1 /* Directional.cpp */,
				E26B4E980E8D56F7009FC7B8 /* AmbientOccluder.h */,
				E26B4E990E8D56F7009FC7B8 /* AmbientOccluder.cpp */,
				E26B50530E8EC0A6009FC7B8 /* AreaLight.h */,
				E26B50540E8EC0A6009FC7B8 /* AreaLight.cpp */,
				E257E6600E8F405200C01712 /* EnvironmentLight.h */,
				E257E6610E8F405200C01712 /* EnvironmentLight.cpp */,
				E2BE41730EA2B79400118229 /* FakeSphericalLight.h */,
				E2BE41740EA2B79400118229 /* FakeSphericalLight.cpp */,
			);
			path = Lights;
			sourceTree = "<group>";
		};
		E2D068FC0E789ADE00E34880 /* Mappings */ = {
			isa = PBXGroup;
			children = (
			);
			path = Mappings;
			sourceTree = "<group>";
		};
		E2D068FD0E789ADE00E34880 /* Materials */ = {
			isa = PBXGroup;
			children = (
				E26E6DD40E8358F000808BE1 /* Material.h */,
				E26E6DD50E8358F000808BE1 /* Material.cpp */,
				E26E6E670E83689200808BE1 /* Matte.h */,
				E26E6E680E83689200808BE1 /* Matte.cpp */,
				E23A65030E87F2170041864C /* Phong.h */,
				E23A65040E87F2170041864C /* Phong.cpp */,
				E26B4F8E0E8DFCF9009FC7B8 /* Emissive.h */,
				E26B4F8F0E8DFCF9009FC7B8 /* Emissive.cpp */,
			);
			path = Materials;
			sourceTree = "<group>";
		};
		E2D068FE0E789ADE00E34880 /* Noises */ = {
			isa = PBXGroup;
			children = (
			);
			path = Noises;
			sourceTree = "<group>";
		};
		E2D068FF0E789ADE00E34880 /* Samplers */ = {
			isa = PBXGroup;
			children = (
				E2B3B5B10E7CA13700406AA3 /* Regular.cpp */,
				E2B3B5B20E7CA13700406AA3 /* Regular.h */,
				E2B3B5AA0E7C9C7400406AA3 /* MultiJittered.cpp */,
				E2B3B5AB0E7C9C7400406AA3 /* MultiJittered.h */,
				E2B3B4140E7C623800406AA3 /* Sampler.h */,
				E2B3B4150E7C623800406AA3 /* Sampler.cpp */,
				E2B3B45D0E7C6DEE00406AA3 /* Jittered.h */,
				E2B3B45E0E7C6DEE00406AA3 /* Jittered.cpp */,
				E2B3B53A0E7C946200406AA3 /* NRooks.h */,
				E2B3B53B0E7C946200406AA3 /* NRooks.cpp */,
			);
			path = Samplers;
			sourceTree = "<group>";
		};
		E2D069000E789ADE00E34880 /* Textures */ = {
			isa = PBXGroup;
			children = (
			);
			path = Textures;
			sourceTree = "<group>";
		};
		E2D069010E789ADE00E34880 /* TheBuild */ = {
			isa = PBXGroup;
			children = (
				E2AA9A6F0E78A05900C6D560 /* BuildBBCoverPic.cpp */,
				E2AA9A700E78A05900C6D560 /* BuildMultipleObjects.cpp */,
				E2AA9A710E78A05900C6D560 /* BuildSingleSphere.cpp */,
			);
			path = TheBuild;
			sourceTree = "<group>";
		};
		E2D069050E789ADE00E34880 /* Tracers */ = {
			isa = PBXGroup;
			children = (
				E2D069060E789ADE00E34880 /* MultipleObjects.cpp */,
				E2D069070E789ADE00E34880 /* MultipleObjects.h */,
				E2D069080E789ADE00E34880 /* SingleSphere.cpp */,
				E2D069090E789ADE00E34880 /* SingleSphere.h */,
				E2D0690A0E789ADE00E34880 /* Tracer.cpp */,
				E2D0690B0E789ADE00E34880 /* Tracer.h */,
				E26E6D600E83539C00808BE1 /* RayCast.h */,
				E26E6D610E83539C00808BE1 /* RayCast.cpp */,
				E26B4F640E8DBA29009FC7B8 /* AreaLighting.h */,
				E26B4F650E8DBA29009FC7B8 /* AreaLighting.cpp */,
			);
			path = Tracers;
			sourceTree = "<group>";
		};
		E2D0690C0E789ADE00E34880 /* UserInterface */ = {
			isa = PBXGroup;
			children = (
				E2D0690D0E789ADE00E34880 /* bg.xpm */,
				E2D0690E0E789ADE00E34880 /* main.xpm */,
				E2D0690F0E789ADE00E34880 /* wxraytracer.cpp */,
				E2D069100E789ADE00E34880 /* wxraytracer.h */,
			);
			path = UserInterface;
			sourceTree = "<group>";
		};
		E2D069110E789ADE00E34880 /* Utilities */ = {
			isa = PBXGroup;
			children = (
				E21358320E7AE87E00943FEA /* Point2D.cpp */,
				E21358330E7AE87E00943FEA /* Point2D.h */,
				E2D069120E789ADE00E34880 /* Constants.h */,
				E2D069130E789ADE00E34880 /* Maths.h */,
				E2D069140E789ADE00E34880 /* Matrix.cpp */,
				E2D069150E789ADE00E34880 /* Matrix.h */,
				E2D069160E789ADE00E34880 /* Normal.cpp */,
				E2D069170E789ADE00E34880 /* Normal.h */,
				E2D069180E789ADE00E34880 /* Point3D.cpp */,
				E2D069190E789ADE00E34880 /* Point3D.h */,
				E2D0691A0E789ADE00E34880 /* Ray.cpp */,
				E2D0691B0E789ADE00E34880 /* Ray.h */,
				E2D0691C0E789ADE00E34880 /* MyRGBColor.cpp */,
				E2D0691D0E789ADE00E34880 /* MyRGBColor.h */,
				E2D0691E0E789ADE00E34880 /* ShadeRec.cpp */,
				E2D0691F0E789ADE00E34880 /* ShadeRec.h */,
				E2D069200E789ADE00E34880 /* Vector3D.cpp */,
				E2D069210E789ADE00E34880 /* Vector3D.h */,
				E2D9CF050E9008C40043E276 /* BBox.h */,
				E2D9CF060E9008C40043E276 /* BBox.cpp */,
				E2BE41060EA2A48A00118229 /* Maths.cpp */,
			);
			path = Utilities;
			sourceTree = "<group>";
		};
		E2D069220E789ADE00E34880 /* World */ = {
			isa = PBXGroup;
			children = (
				E2D069230E789ADE00E34880 /* ViewPlane.cpp */,
				E2D069240E789ADE00E34880 /* ViewPlane.h */,
				E2D069250E789ADE00E34880 /* World.cpp */,
				E2D069260E789ADE00E34880 /* World.h */,
			);
			path = World;
			sourceTree = "<group>";
		};
/* End PBXGroup section */

/* Begin PBXNativeTarget section */
		E2524E8E0E70ABFC00301597 /* Ray Tracer */ = {
			isa = PBXNativeTarget;
			buildConfigurationList = E2524E950E70ABFD00301597 /* Build configuration list for PBXNativeTarget "Ray Tracer" */;
			buildPhases = (
				E2524E8B0E70ABFC00301597 /* Resources */,
				E2524E8C0E70ABFC00301597 /* Sources */,
				E2524E8D0E70ABFC00301597 /* Frameworks */,
			);
			buildRules = (
			);
			dependencies = (
			);
			name = "Ray Tracer";
			productName = "Ray Tracer";
			productReference = E2524E8F0E70ABFC00301597 /* Ray Tracer.app */;
			productType = "com.apple.product-type.application";
		};
/* End PBXNativeTarget section */

/* Begin PBXProject section */
		E2524E760E70AB9A00301597 /* Project object */ = {
			isa = PBXProject;
			buildConfigurationList = E2524E790E70AB9A00301597 /* Build configuration list for PBXProject "Ray Tracer" */;
			compatibilityVersion = "Xcode 2.4";
			hasScannedForEncodings = 0;
			mainGroup = E2524E740E70AB9A00301597;
			productRefGroup = E2524E900E70ABFC00301597 /* Products */;
			projectDirPath = "";
			projectRoot = "";
			targets = (
				E2524E8E0E70ABFC00301597 /* Ray Tracer */,
			);
		};
/* End PBXProject section */

/* Begin PBXResourcesBuildPhase section */
		E2524E8B0E70ABFC00301597 /* Resources */ = {
			isa = PBXResourcesBuildPhase;
			buildActionMask = 2147483647;
			files = (
				E2D069300E789ADE00E34880 /* bg.xpm in Resources */,
				E2D069310E789ADE00E34880 /* main.xpm in Resources */,
			);
			runOnlyForDeploymentPostprocessing = 0;
		};
/* End PBXResourcesBuildPhase section */

/* Begin PBXSourcesBuildPhase section */
		E2524E8C0E70ABFC00301597 /* Sources */ = {
			isa = PBXSourcesBuildPhase;
			buildActionMask = 2147483647;
			files = (
				E2D069270E789ADE00E34880 /* GeometricObject.cpp in Sources */,
				E2D069280E789ADE00E34880 /* Plane.cpp in Sources */,
				E2D069290E789ADE00E34880 /* Sphere.cpp in Sources */,
				E2D0692D0E789ADE00E34880 /* MultipleObjects.cpp in Sources */,
				E2D0692E0E789ADE00E34880 /* SingleSphere.cpp in Sources */,
				E2D0692F0E789ADE00E34880 /* Tracer.cpp in Sources */,
				E2D069320E789ADE00E34880 /* wxraytracer.cpp in Sources */,
				E2D069330E789ADE00E34880 /* Matrix.cpp in Sources */,
				E2D069340E789ADE00E34880 /* Normal.cpp in Sources */,
				E2D069350E789ADE00E34880 /* Point3D.cpp in Sources */,
				E2D069360E789ADE00E34880 /* Ray.cpp in Sources */,
				E2D069370E789ADE00E34880 /* MyRGBColor.cpp in Sources */,
				E2D069380E789ADE00E34880 /* ShadeRec.cpp in Sources */,
				E2D069390E789ADE00E34880 /* Vector3D.cpp in Sources */,
				E2D0693A0E789ADE00E34880 /* ViewPlane.cpp in Sources */,
				E2D0693B0E789ADE00E34880 /* World.cpp in Sources */,
				E2AA9A720E78A05900C6D560 /* BuildBBCoverPic.cpp in Sources */,
				E2AA9A730E78A05900C6D560 /* BuildMultipleObjects.cpp in Sources */,
				E2AA9A740E78A05900C6D560 /* BuildSingleSphere.cpp in Sources */,
				E21358340E7AE87E00943FEA /* Point2D.cpp in Sources */,
				E2B3B4160E7C623800406AA3 /* Sampler.cpp in Sources */,
				E2B3B45F0E7C6DEE00406AA3 /* Jittered.cpp in Sources */,
				E2B3B53C0E7C946200406AA3 /* NRooks.cpp in Sources */,
				E2B3B5AC0E7C9C7400406AA3 /* MultiJittered.cpp in Sources */,
				E2B3B5B30E7CA13700406AA3 /* Regular.cpp in Sources */,
				E2B3B68C0E7DC02200406AA3 /* Camera.cpp in Sources */,
				E2B3B6A00E7DC6FF00406AA3 /* Pinhole.cpp in Sources */,
				E2B3B8D60E7EC58C00406AA3 /* ThinLens.cpp in Sources */,
				E2A7CAEC0E80A0E100F18A54 /* FishEye.cpp in Sources */,
				E2A7CC270E814FA200F18A54 /* Spherical.cpp in Sources */,
				E2A7CC8A0E815B4000F18A54 /* StereoCamera.cpp in Sources */,
				E2A7CE4B0E81D11D00F18A54 /* BRDF.cpp in Sources */,
				E2A7CE5B0E81F80800F18A54 /* Lambertian.cpp in Sources */,
				E2A7CEF50E83217E00F18A54 /* Light.cpp in Sources */,
				E2A7CF180E8323D400F18A54 /* Ambient.cpp in Sources */,
				E26E6C7E0E832F8B00808BE1 /* PointLight.cpp in Sources */,
				E26E6CCF0E8336B200808BE1 /* Directional.cpp in Sources */,
				E26E6D620E83539C00808BE1 /* RayCast.cpp in Sources */,
				E26E6DD60E8358F000808BE1 /* Material.cpp in Sources */,
				E26E6E690E83689200808BE1 /* Matte.cpp in Sources */,
				E26E70EE0E87EE9D00808BE1 /* GlossySpecular.cpp in Sources */,
				E23A65050E87F2170041864C /* Phong.cpp in Sources */,
				E26B4E9A0E8D56F7009FC7B8 /* AmbientOccluder.cpp in Sources */,
				E26B4F660E8DBA29009FC7B8 /* AreaLighting.cpp in Sources */,
				E26B4F900E8DFCF9009FC7B8 /* Emissive.cpp in Sources */,
				E26B50330E8EBEDB009FC7B8 /* Rectangle.cpp in Sources */,
				E26B50550E8EC0A6009FC7B8 /* AreaLight.cpp in Sources */,
				E257E6620E8F405200C01712 /* EnvironmentLight.cpp in Sources */,
				E257E7190E8F537100C01712 /* ConcaveSphere.cpp in Sources */,
				E2D9CF070E9008C40043E276 /* BBox.cpp in Sources */,
				E2D9CFDC0E9024E70043E276 /* Compound.cpp in Sources */,
				E2D9D0150E9045F70043E276 /* Grid.cpp in Sources */,
				E25555A30E9D8B2400EF6FC1 /* Triangle.cpp in Sources */,
				E2BE3EF90EA25AF200118229 /* Disk.cpp in Sources */,
				E2BE3F770EA26C5F00118229 /* Box.cpp in Sources */,
				E2BE40330EA27FC300118229 /* OpenCylinder.cpp in Sources */,
				E2BE41070EA2A48A00118229 /* Maths.cpp in Sources */,
				E2BE41280EA2A65A00118229 /* Torus.cpp in Sources */,
				E2BE41750EA2B79400118229 /* FakeSphericalLight.cpp in Sources */,
				E2BE41F60EA3A5F500118229 /* ConvexPartSphere.cpp in Sources */,
				E2BE42B00EA3C40700118229 /* SolidCylinder.cpp in Sources */,
				E2BE448F0EA6528600118229 /* Instance.cpp in Sources */,
				E26CE7F00EAA3FA70039B7AC /* ConvexPartCylinder.cpp in Sources */,
				E26CE84F0EAA49FF0039B7AC /* ConvexPartTorus.cpp in Sources */,
			);
			runOnlyForDeploymentPostprocessing = 0;
		};
/* End PBXSourcesBuildPhase section */

/* Begin XCBuildConfiguration section */
		E2524E770E70AB9A00301597 /* Debug */ = {
			isa = XCBuildConfiguration;
			buildSettings = {
				COPY_PHASE_STRIP = NO;
				OTHER_CFLAGS = (
					"-I/usr/lib/wx/include/mac-unicode-debug-2.8",
					"-I/usr/include/wx-2.8",
					"-D_FILE_OFFSET_BITS=64",
					"-D_LARGE_FILES",
					"-D__WXDEBUG__",
					"-D__WXMAC__",
				);
				OTHER_LDFLAGS = (
					"-framework",
					QuickTime,
					"-framework",
					IOKit,
					"-framework",
					Carbon,
					"-framework",
					Cocoa,
					"-framework",
					System,
					"-lwx_macud-2.8",
				);
			};
			name = Debug;
		};
		E2524E780E70AB9A00301597 /* Release */ = {
			isa = XCBuildConfiguration;
			buildSettings = {
				COPY_PHASE_STRIP = YES;
				OTHER_CFLAGS = (
					"-I/usr/lib/wx/include/mac-unicode-debug-2.8",
					"-I/usr/include/wx-2.8",
					"-D_FILE_OFFSET_BITS=64",
					"-D_LARGE_FILES",
					"-D__WXDEBUG__",
					"-D__WXMAC__",
				);
				OTHER_LDFLAGS = (
					"-framework",
					QuickTime,
					"-framework",
					IOKit,
					"-framework",
					Carbon,
					"-framework",
					Cocoa,
					"-framework",
					System,
					"-lwx_macud-2.8",
				);
			};
			name = Release;
		};
		E2524E930E70ABFD00301597 /* Debug */ = {
			isa = XCBuildConfiguration;
			buildSettings = {
				COPY_PHASE_STRIP = NO;
				GCC_DYNAMIC_NO_PIC = NO;
				GCC_ENABLE_FIX_AND_CONTINUE = YES;
				GCC_MODEL_TUNING = G5;
				GCC_OPTIMIZATION_LEVEL = 0;
				GCC_PRECOMPILE_PREFIX_HEADER = YES;
				GCC_PREFIX_HEADER = "$(SYSTEM_LIBRARY_DIR)/Frameworks/AppKit.framework/Headers/AppKit.h";
				INFOPLIST_FILE = "Ray Tracer-Info.plist";
				INSTALL_PATH = "$(HOME)/Applications";
				OTHER_LDFLAGS = (
					"-framework",
					System,
					"-lwx_macud-2.8",
					"-framework",
					IOKit,
					"-framework",
					Carbon,
					"-framework",
					Cocoa,
					"-framework",
					QuickTime,
					"-framework",
					Foundation,
					"-framework",
					AppKit,
				);
				PREBINDING = NO;
				PRODUCT_NAME = "Ray Tracer";
				WRAPPER_EXTENSION = app;
				ZERO_LINK = YES;
			};
			name = Debug;
		};
		E2524E940E70ABFD00301597 /* Release */ = {
			isa = XCBuildConfiguration;
			buildSettings = {
				COPY_PHASE_STRIP = YES;
				DEBUG_INFORMATION_FORMAT = "dwarf-with-dsym";
				GCC_ENABLE_FIX_AND_CONTINUE = NO;
				GCC_MODEL_TUNING = G5;
				GCC_PRECOMPILE_PREFIX_HEADER = YES;
				GCC_PREFIX_HEADER = "$(SYSTEM_LIBRARY_DIR)/Frameworks/AppKit.framework/Headers/AppKit.h";
				INFOPLIST_FILE = "Ray Tracer-Info.plist";
				INSTALL_PATH = "$(HOME)/Applications";
				OTHER_LDFLAGS = (
					"-framework",
					System,
					"-lwx_macud-2.8",
					"-framework",
					IOKit,
					"-framework",
					Carbon,
					"-framework",
					Cocoa,
					"-framework",
					QuickTime,
					"-framework",
					Foundation,
					"-framework",
					AppKit,
				);
				PREBINDING = NO;
				PRODUCT_NAME = "Ray Tracer";
				WRAPPER_EXTENSION = app;
				ZERO_LINK = NO;
			};
			name = Release;
		};
/* End XCBuildConfiguration section */

/* Begin XCConfigurationList section */
		E2524E790E70AB9A00301597 /* Build configuration list for PBXProject "Ray Tracer" */ = {
			isa = XCConfigurationList;
			buildConfigurations = (
				E2524E770E70AB9A00301597 /* Debug */,
				E2524E780E70AB9A00301597 /* Release */,
			);
			defaultConfigurationIsVisible = 0;
			defaultConfigurationName = Release;
		};
		E2524E950E70ABFD00301597 /* Build configuration list for PBXNativeTarget "Ray Tracer" */ = {
			isa = XCConfigurationList;
			buildConfigurations = (
				E2524E930E70ABFD00301597 /* Debug */,
				E2524E940E70ABFD00301597 /* Release */,
			);
			defaultConfigurationIsVisible = 0;
			defaultConfigurationName = Release;
		};
/* End XCConfigurationList section */
	};
	rootObject = E2524E760E70AB9A00301597 /* Project object */;
}
